{
    "version": 3,
    "terraform_version": "0.12.31",
    "serial": 1,
    "lineage": "f8b28144-04ec-6ec0-a2f5-794e20340e4d",
    "modules": [
        {
            "path": [
                "root"
            ],
            "outputs": {
                "aws_security_group_tfer--AutoScaling-Security-Group-1_sg-0081ba6a3ea6bc190_id": {
                    "sensitive": false,
                    "type": "string",
                    "value": "sg-0081ba6a3ea6bc190"
                },
                "aws_security_group_tfer--Being-0020-Dominate-0020-VPN_sg-0fbe65e818c656b63_id": {
                    "sensitive": false,
                    "type": "string",
                    "value": "sg-0fbe65e818c656b63"
                },
                "aws_security_group_tfer--My-0020-First-0020-Security-0020-Group_sg-0f8088c67fd659c27_id": {
                    "sensitive": false,
                    "type": "string",
                    "value": "sg-0f8088c67fd659c27"
                },
                "aws_security_group_tfer--MyFirstLoadBalancer_sg-014c101fd5b851268_id": {
                    "sensitive": false,
                    "type": "string",
                    "value": "sg-014c101fd5b851268"
                },
                "aws_security_group_tfer--Security-0020-Group-0020-for-0020-WordPress_sg-0fd1bbbe91ac926b7_id": {
                    "sensitive": false,
                    "type": "string",
                    "value": "sg-0fd1bbbe91ac926b7"
                },
                "aws_security_group_tfer--Windows-0020-Group_sg-047e4c1748d431f63_id": {
                    "sensitive": false,
                    "type": "string",
                    "value": "sg-047e4c1748d431f63"
                },
                "aws_security_group_tfer--default_sg-000492c6254184329_id": {
                    "sensitive": false,
                    "type": "string",
                    "value": "sg-000492c6254184329"
                },
                "aws_security_group_tfer--default_sg-462f5d1a_id": {
                    "sensitive": false,
                    "type": "string",
                    "value": "sg-462f5d1a"
                },
                "aws_security_group_tfer--launch-wizard-10_sg-058a8ba6cdbcf9f59_id": {
                    "sensitive": false,
                    "type": "string",
                    "value": "sg-058a8ba6cdbcf9f59"
                },
                "aws_security_group_tfer--launch-wizard-1_sg-0e9b1aa349b5d6a3d_id": {
                    "sensitive": false,
                    "type": "string",
                    "value": "sg-0e9b1aa349b5d6a3d"
                },
                "aws_security_group_tfer--launch-wizard-2_sg-04ef8867c4d1cd543_id": {
                    "sensitive": false,
                    "type": "string",
                    "value": "sg-04ef8867c4d1cd543"
                },
                "aws_security_group_tfer--launch-wizard-3_sg-0cb586de1ca5e0465_id": {
                    "sensitive": false,
                    "type": "string",
                    "value": "sg-0cb586de1ca5e0465"
                },
                "aws_security_group_tfer--launch-wizard-4_sg-0ee5fd7a6435497da_id": {
                    "sensitive": false,
                    "type": "string",
                    "value": "sg-0ee5fd7a6435497da"
                },
                "aws_security_group_tfer--launch-wizard-5_sg-0753091bc56a83b27_id": {
                    "sensitive": false,
                    "type": "string",
                    "value": "sg-0753091bc56a83b27"
                },
                "aws_security_group_tfer--launch-wizard-6_sg-0d423a37d120ee6f2_id": {
                    "sensitive": false,
                    "type": "string",
                    "value": "sg-0d423a37d120ee6f2"
                },
                "aws_security_group_tfer--launch-wizard-7_sg-0b1a7ffe6da0367ed_id": {
                    "sensitive": false,
                    "type": "string",
                    "value": "sg-0b1a7ffe6da0367ed"
                },
                "aws_security_group_tfer--launch-wizard-8_sg-08a8899babe35cfd7_id": {
                    "sensitive": false,
                    "type": "string",
                    "value": "sg-08a8899babe35cfd7"
                },
                "aws_security_group_tfer--launch-wizard-9_sg-0b8b6795042d97ca5_id": {
                    "sensitive": false,
                    "type": "string",
                    "value": "sg-0b8b6795042d97ca5"
                },
                "aws_security_group_tfer--my-first-security-group_sg-0a5683e92bd8f8586_id": {
                    "sensitive": false,
                    "type": "string",
                    "value": "sg-0a5683e92bd8f8586"
                },
                "aws_security_group_tfer--my-new-sg_sg-096826fe16c15dec1_id": {
                    "sensitive": false,
                    "type": "string",
                    "value": "sg-096826fe16c15dec1"
                },
                "aws_security_group_tfer--sysadmin-sg_sg-0336c677904a51614_id": {
                    "sensitive": false,
                    "type": "string",
                    "value": "sg-0336c677904a51614"
                }
            },
            "resources": {
                "aws_security_group.tfer--AutoScaling-Security-Group-1_sg-0081ba6a3ea6bc190": {
                    "type": "aws_security_group",
                    "depends_on": [],
                    "primary": {
                        "id": "sg-0081ba6a3ea6bc190",
                        "attributes": {
                            "arn": "arn:aws:ec2:us-east-1:907304892762:security-group/sg-0081ba6a3ea6bc190",
                            "description": "AutoScaling-Security-Group-1 (2020-01-27 09:01:32.410-05:00)",
                            "egress.#": "1",
                            "egress.0.cidr_blocks.#": "1",
                            "egress.0.cidr_blocks.0": "0.0.0.0/0",
                            "egress.0.description": "",
                            "egress.0.from_port": "0",
                            "egress.0.ipv6_cidr_blocks.#": "0",
                            "egress.0.prefix_list_ids.#": "0",
                            "egress.0.protocol": "-1",
                            "egress.0.security_groups.#": "0",
                            "egress.0.self": "false",
                            "egress.0.to_port": "0",
                            "id": "sg-0081ba6a3ea6bc190",
                            "ingress.#": "1",
                            "ingress.0.cidr_blocks.#": "1",
                            "ingress.0.cidr_blocks.0": "0.0.0.0/0",
                            "ingress.0.description": "",
                            "ingress.0.from_port": "22",
                            "ingress.0.ipv6_cidr_blocks.#": "0",
                            "ingress.0.prefix_list_ids.#": "0",
                            "ingress.0.protocol": "tcp",
                            "ingress.0.security_groups.#": "0",
                            "ingress.0.self": "false",
                            "ingress.0.to_port": "22",
                            "name": "AutoScaling-Security-Group-1",
                            "name_prefix": "",
                            "owner_id": "907304892762",
                            "tags.%": "0",
                            "tags_all.%": "0",
                            "vpc_id": "vpc-6b5b2911"
                        },
                        "meta": {
                            "schema_version": 1
                        },
                        "tainted": false
                    },
                    "deposed": [],
                    "provider": "provider.aws"
                },
                "aws_security_group.tfer--Being-0020-Dominate-0020-VPN_sg-0fbe65e818c656b63": {
                    "type": "aws_security_group",
                    "depends_on": [],
                    "primary": {
                        "id": "sg-0fbe65e818c656b63",
                        "attributes": {
                            "arn": "arn:aws:ec2:us-east-1:907304892762:security-group/sg-0fbe65e818c656b63",
                            "description": "launch-wizard-9 created 2020-12-07T16:33:10.757-05:00",
                            "egress.#": "1",
                            "egress.0.cidr_blocks.#": "1",
                            "egress.0.cidr_blocks.0": "0.0.0.0/0",
                            "egress.0.description": "",
                            "egress.0.from_port": "0",
                            "egress.0.ipv6_cidr_blocks.#": "0",
                            "egress.0.prefix_list_ids.#": "0",
                            "egress.0.protocol": "-1",
                            "egress.0.security_groups.#": "0",
                            "egress.0.self": "false",
                            "egress.0.to_port": "0",
                            "id": "sg-0fbe65e818c656b63",
                            "ingress.#": "3",
                            "ingress.0.cidr_blocks.#": "1",
                            "ingress.0.cidr_blocks.0": "0.0.0.0/0",
                            "ingress.0.description": "",
                            "ingress.0.from_port": "22",
                            "ingress.0.ipv6_cidr_blocks.#": "0",
                            "ingress.0.prefix_list_ids.#": "0",
                            "ingress.0.protocol": "tcp",
                            "ingress.0.security_groups.#": "0",
                            "ingress.0.self": "false",
                            "ingress.0.to_port": "22",
                            "ingress.1.cidr_blocks.#": "1",
                            "ingress.1.cidr_blocks.0": "0.0.0.0/0",
                            "ingress.1.description": "Inbound",
                            "ingress.1.from_port": "443",
                            "ingress.1.ipv6_cidr_blocks.#": "1",
                            "ingress.1.ipv6_cidr_blocks.0": "::/0",
                            "ingress.1.prefix_list_ids.#": "0",
                            "ingress.1.protocol": "tcp",
                            "ingress.1.security_groups.#": "0",
                            "ingress.1.self": "false",
                            "ingress.1.to_port": "443",
                            "ingress.2.cidr_blocks.#": "1",
                            "ingress.2.cidr_blocks.0": "0.0.0.0/0",
                            "ingress.2.description": "Inbound",
                            "ingress.2.from_port": "80",
                            "ingress.2.ipv6_cidr_blocks.#": "1",
                            "ingress.2.ipv6_cidr_blocks.0": "::/0",
                            "ingress.2.prefix_list_ids.#": "0",
                            "ingress.2.protocol": "tcp",
                            "ingress.2.security_groups.#": "0",
                            "ingress.2.self": "false",
                            "ingress.2.to_port": "80",
                            "name": "Being Dominate VPN",
                            "name_prefix": "",
                            "owner_id": "907304892762",
                            "tags.%": "0",
                            "tags_all.%": "0",
                            "vpc_id": "vpc-6b5b2911"
                        },
                        "meta": {
                            "schema_version": 1
                        },
                        "tainted": false
                    },
                    "deposed": [],
                    "provider": "provider.aws"
                },
                "aws_security_group.tfer--My-0020-First-0020-Security-0020-Group_sg-0f8088c67fd659c27": {
                    "type": "aws_security_group",
                    "depends_on": [],
                    "primary": {
                        "id": "sg-0f8088c67fd659c27",
                        "attributes": {
                            "arn": "arn:aws:ec2:us-east-1:907304892762:security-group/sg-0f8088c67fd659c27",
                            "description": "Created with my first ec2 instance",
                            "egress.#": "1",
                            "egress.0.cidr_blocks.#": "1",
                            "egress.0.cidr_blocks.0": "0.0.0.0/0",
                            "egress.0.description": "",
                            "egress.0.from_port": "0",
                            "egress.0.ipv6_cidr_blocks.#": "0",
                            "egress.0.prefix_list_ids.#": "0",
                            "egress.0.protocol": "-1",
                            "egress.0.security_groups.#": "0",
                            "egress.0.self": "false",
                            "egress.0.to_port": "0",
                            "id": "sg-0f8088c67fd659c27",
                            "ingress.#": "3",
                            "ingress.0.cidr_blocks.#": "1",
                            "ingress.0.cidr_blocks.0": "0.0.0.0/0",
                            "ingress.0.description": "",
                            "ingress.0.from_port": "8080",
                            "ingress.0.ipv6_cidr_blocks.#": "0",
                            "ingress.0.prefix_list_ids.#": "0",
                            "ingress.0.protocol": "tcp",
                            "ingress.0.security_groups.#": "0",
                            "ingress.0.self": "false",
                            "ingress.0.to_port": "8080",
                            "ingress.1.cidr_blocks.#": "1",
                            "ingress.1.cidr_blocks.0": "0.0.0.0/0",
                            "ingress.1.description": "SSH to the instance",
                            "ingress.1.from_port": "22",
                            "ingress.1.ipv6_cidr_blocks.#": "0",
                            "ingress.1.prefix_list_ids.#": "0",
                            "ingress.1.protocol": "tcp",
                            "ingress.1.security_groups.#": "0",
                            "ingress.1.self": "false",
                            "ingress.1.to_port": "22",
                            "ingress.2.cidr_blocks.#": "0",
                            "ingress.2.description": "Allow HTTP Traffice for Apache",
                            "ingress.2.from_port": "80",
                            "ingress.2.ipv6_cidr_blocks.#": "0",
                            "ingress.2.prefix_list_ids.#": "0",
                            "ingress.2.protocol": "tcp",
                            "ingress.2.security_groups.#": "1",
                            "ingress.2.security_groups.0": "sg-014c101fd5b851268",
                            "ingress.2.self": "false",
                            "ingress.2.to_port": "80",
                            "name": "My First Security Group",
                            "name_prefix": "",
                            "owner_id": "907304892762",
                            "tags.%": "0",
                            "tags_all.%": "0",
                            "vpc_id": "vpc-6b5b2911"
                        },
                        "meta": {
                            "schema_version": 1
                        },
                        "tainted": false
                    },
                    "deposed": [],
                    "provider": "provider.aws"
                },
                "aws_security_group.tfer--MyFirstLoadBalancer_sg-014c101fd5b851268": {
                    "type": "aws_security_group",
                    "depends_on": [],
                    "primary": {
                        "id": "sg-014c101fd5b851268",
                        "attributes": {
                            "arn": "arn:aws:ec2:us-east-1:907304892762:security-group/sg-014c101fd5b851268",
                            "description": "MY first Load Balancer security Group",
                            "egress.#": "1",
                            "egress.0.cidr_blocks.#": "1",
                            "egress.0.cidr_blocks.0": "0.0.0.0/0",
                            "egress.0.description": "",
                            "egress.0.from_port": "0",
                            "egress.0.ipv6_cidr_blocks.#": "0",
                            "egress.0.prefix_list_ids.#": "0",
                            "egress.0.protocol": "-1",
                            "egress.0.security_groups.#": "0",
                            "egress.0.self": "false",
                            "egress.0.to_port": "0",
                            "id": "sg-014c101fd5b851268",
                            "ingress.#": "1",
                            "ingress.0.cidr_blocks.#": "1",
                            "ingress.0.cidr_blocks.0": "0.0.0.0/0",
                            "ingress.0.description": "",
                            "ingress.0.from_port": "80",
                            "ingress.0.ipv6_cidr_blocks.#": "0",
                            "ingress.0.prefix_list_ids.#": "0",
                            "ingress.0.protocol": "tcp",
                            "ingress.0.security_groups.#": "0",
                            "ingress.0.self": "true",
                            "ingress.0.to_port": "80",
                            "name": "MyFirstLoadBalancer",
                            "name_prefix": "",
                            "owner_id": "907304892762",
                            "tags.%": "0",
                            "tags_all.%": "0",
                            "vpc_id": "vpc-6b5b2911"
                        },
                        "meta": {
                            "schema_version": 1
                        },
                        "tainted": false
                    },
                    "deposed": [],
                    "provider": "provider.aws"
                },
                "aws_security_group.tfer--Security-0020-Group-0020-for-0020-WordPress_sg-0fd1bbbe91ac926b7": {
                    "type": "aws_security_group",
                    "depends_on": [],
                    "primary": {
                        "id": "sg-0fd1bbbe91ac926b7",
                        "attributes": {
                            "arn": "arn:aws:ec2:us-east-1:907304892762:security-group/sg-0fd1bbbe91ac926b7",
                            "description": "all traffic to Wordpress",
                            "egress.#": "1",
                            "egress.0.cidr_blocks.#": "1",
                            "egress.0.cidr_blocks.0": "0.0.0.0/0",
                            "egress.0.description": "",
                            "egress.0.from_port": "0",
                            "egress.0.ipv6_cidr_blocks.#": "0",
                            "egress.0.prefix_list_ids.#": "0",
                            "egress.0.protocol": "-1",
                            "egress.0.security_groups.#": "0",
                            "egress.0.self": "false",
                            "egress.0.to_port": "0",
                            "id": "sg-0fd1bbbe91ac926b7",
                            "ingress.#": "2",
                            "ingress.0.cidr_blocks.#": "1",
                            "ingress.0.cidr_blocks.0": "0.0.0.0/0",
                            "ingress.0.description": "",
                            "ingress.0.from_port": "22",
                            "ingress.0.ipv6_cidr_blocks.#": "0",
                            "ingress.0.prefix_list_ids.#": "0",
                            "ingress.0.protocol": "tcp",
                            "ingress.0.security_groups.#": "0",
                            "ingress.0.self": "false",
                            "ingress.0.to_port": "22",
                            "ingress.1.cidr_blocks.#": "1",
                            "ingress.1.cidr_blocks.0": "0.0.0.0/0",
                            "ingress.1.description": "",
                            "ingress.1.from_port": "80",
                            "ingress.1.ipv6_cidr_blocks.#": "1",
                            "ingress.1.ipv6_cidr_blocks.0": "::/0",
                            "ingress.1.prefix_list_ids.#": "0",
                            "ingress.1.protocol": "tcp",
                            "ingress.1.security_groups.#": "0",
                            "ingress.1.self": "false",
                            "ingress.1.to_port": "80",
                            "name": "Security Group for WordPress",
                            "name_prefix": "",
                            "owner_id": "907304892762",
                            "tags.%": "0",
                            "tags_all.%": "0",
                            "vpc_id": "vpc-6b5b2911"
                        },
                        "meta": {
                            "schema_version": 1
                        },
                        "tainted": false
                    },
                    "deposed": [],
                    "provider": "provider.aws"
                },
                "aws_security_group.tfer--Windows-0020-Group_sg-047e4c1748d431f63": {
                    "type": "aws_security_group",
                    "depends_on": [],
                    "primary": {
                        "id": "sg-047e4c1748d431f63",
                        "attributes": {
                            "arn": "arn:aws:ec2:us-east-1:907304892762:security-group/sg-047e4c1748d431f63",
                            "description": "launch-wizard-2 created 2020-07-30T15:36:44.702-04:00",
                            "egress.#": "1",
                            "egress.0.cidr_blocks.#": "1",
                            "egress.0.cidr_blocks.0": "0.0.0.0/0",
                            "egress.0.description": "",
                            "egress.0.from_port": "0",
                            "egress.0.ipv6_cidr_blocks.#": "0",
                            "egress.0.prefix_list_ids.#": "0",
                            "egress.0.protocol": "-1",
                            "egress.0.security_groups.#": "0",
                            "egress.0.self": "false",
                            "egress.0.to_port": "0",
                            "id": "sg-047e4c1748d431f63",
                            "ingress.#": "2",
                            "ingress.0.cidr_blocks.#": "1",
                            "ingress.0.cidr_blocks.0": "0.0.0.0/0",
                            "ingress.0.description": "",
                            "ingress.0.from_port": "3389",
                            "ingress.0.ipv6_cidr_blocks.#": "0",
                            "ingress.0.prefix_list_ids.#": "0",
                            "ingress.0.protocol": "tcp",
                            "ingress.0.security_groups.#": "0",
                            "ingress.0.self": "false",
                            "ingress.0.to_port": "3389",
                            "ingress.1.cidr_blocks.#": "1",
                            "ingress.1.cidr_blocks.0": "0.0.0.0/0",
                            "ingress.1.description": "SSH for Admin",
                            "ingress.1.from_port": "22",
                            "ingress.1.ipv6_cidr_blocks.#": "0",
                            "ingress.1.prefix_list_ids.#": "0",
                            "ingress.1.protocol": "tcp",
                            "ingress.1.security_groups.#": "0",
                            "ingress.1.self": "false",
                            "ingress.1.to_port": "22",
                            "name": "Windows Group",
                            "name_prefix": "",
                            "owner_id": "907304892762",
                            "tags.%": "0",
                            "tags_all.%": "0",
                            "vpc_id": "vpc-6b5b2911"
                        },
                        "meta": {
                            "schema_version": 1
                        },
                        "tainted": false
                    },
                    "deposed": [],
                    "provider": "provider.aws"
                },
                "aws_security_group.tfer--default_sg-000492c6254184329": {
                    "type": "aws_security_group",
                    "depends_on": [],
                    "primary": {
                        "id": "sg-000492c6254184329",
                        "attributes": {
                            "arn": "arn:aws:ec2:us-east-1:907304892762:security-group/sg-000492c6254184329",
                            "description": "default VPC security group",
                            "egress.#": "1",
                            "egress.0.cidr_blocks.#": "1",
                            "egress.0.cidr_blocks.0": "0.0.0.0/0",
                            "egress.0.description": "",
                            "egress.0.from_port": "0",
                            "egress.0.ipv6_cidr_blocks.#": "0",
                            "egress.0.prefix_list_ids.#": "0",
                            "egress.0.protocol": "-1",
                            "egress.0.security_groups.#": "0",
                            "egress.0.self": "false",
                            "egress.0.to_port": "0",
                            "id": "sg-000492c6254184329",
                            "ingress.#": "1",
                            "ingress.0.cidr_blocks.#": "0",
                            "ingress.0.description": "",
                            "ingress.0.from_port": "0",
                            "ingress.0.ipv6_cidr_blocks.#": "0",
                            "ingress.0.prefix_list_ids.#": "0",
                            "ingress.0.protocol": "-1",
                            "ingress.0.security_groups.#": "0",
                            "ingress.0.self": "true",
                            "ingress.0.to_port": "0",
                            "name": "default",
                            "name_prefix": "",
                            "owner_id": "907304892762",
                            "tags.%": "0",
                            "tags_all.%": "0",
                            "vpc_id": "vpc-0ab1c865b92fc8f5f"
                        },
                        "meta": {
                            "schema_version": 1
                        },
                        "tainted": false
                    },
                    "deposed": [],
                    "provider": "provider.aws"
                },
                "aws_security_group.tfer--default_sg-462f5d1a": {
                    "type": "aws_security_group",
                    "depends_on": [],
                    "primary": {
                        "id": "sg-462f5d1a",
                        "attributes": {
                            "arn": "arn:aws:ec2:us-east-1:907304892762:security-group/sg-462f5d1a",
                            "description": "default VPC security group",
                            "egress.#": "1",
                            "egress.0.cidr_blocks.#": "1",
                            "egress.0.cidr_blocks.0": "0.0.0.0/0",
                            "egress.0.description": "",
                            "egress.0.from_port": "0",
                            "egress.0.ipv6_cidr_blocks.#": "0",
                            "egress.0.prefix_list_ids.#": "0",
                            "egress.0.protocol": "-1",
                            "egress.0.security_groups.#": "0",
                            "egress.0.self": "false",
                            "egress.0.to_port": "0",
                            "id": "sg-462f5d1a",
                            "ingress.#": "1",
                            "ingress.0.cidr_blocks.#": "0",
                            "ingress.0.description": "",
                            "ingress.0.from_port": "0",
                            "ingress.0.ipv6_cidr_blocks.#": "0",
                            "ingress.0.prefix_list_ids.#": "0",
                            "ingress.0.protocol": "-1",
                            "ingress.0.security_groups.#": "0",
                            "ingress.0.self": "true",
                            "ingress.0.to_port": "0",
                            "name": "default",
                            "name_prefix": "",
                            "owner_id": "907304892762",
                            "tags.%": "0",
                            "tags_all.%": "0",
                            "vpc_id": "vpc-6b5b2911"
                        },
                        "meta": {
                            "schema_version": 1
                        },
                        "tainted": false
                    },
                    "deposed": [],
                    "provider": "provider.aws"
                },
                "aws_security_group.tfer--launch-wizard-10_sg-058a8ba6cdbcf9f59": {
                    "type": "aws_security_group",
                    "depends_on": [],
                    "primary": {
                        "id": "sg-058a8ba6cdbcf9f59",
                        "attributes": {
                            "arn": "arn:aws:ec2:us-east-1:907304892762:security-group/sg-058a8ba6cdbcf9f59",
                            "description": "launch-wizard-10 created 2022-07-28T20:36:47.731Z",
                            "egress.#": "1",
                            "egress.0.cidr_blocks.#": "1",
                            "egress.0.cidr_blocks.0": "0.0.0.0/0",
                            "egress.0.description": "",
                            "egress.0.from_port": "0",
                            "egress.0.ipv6_cidr_blocks.#": "0",
                            "egress.0.prefix_list_ids.#": "0",
                            "egress.0.protocol": "-1",
                            "egress.0.security_groups.#": "0",
                            "egress.0.self": "false",
                            "egress.0.to_port": "0",
                            "id": "sg-058a8ba6cdbcf9f59",
                            "ingress.#": "1",
                            "ingress.0.cidr_blocks.#": "1",
                            "ingress.0.cidr_blocks.0": "0.0.0.0/0",
                            "ingress.0.description": "",
                            "ingress.0.from_port": "22",
                            "ingress.0.ipv6_cidr_blocks.#": "0",
                            "ingress.0.prefix_list_ids.#": "0",
                            "ingress.0.protocol": "tcp",
                            "ingress.0.security_groups.#": "0",
                            "ingress.0.self": "false",
                            "ingress.0.to_port": "22",
                            "name": "launch-wizard-10",
                            "name_prefix": "",
                            "owner_id": "907304892762",
                            "tags.%": "0",
                            "tags_all.%": "0",
                            "vpc_id": "vpc-6b5b2911"
                        },
                        "meta": {
                            "schema_version": 1
                        },
                        "tainted": false
                    },
                    "deposed": [],
                    "provider": "provider.aws"
                },
                "aws_security_group.tfer--launch-wizard-1_sg-0e9b1aa349b5d6a3d": {
                    "type": "aws_security_group",
                    "depends_on": [],
                    "primary": {
                        "id": "sg-0e9b1aa349b5d6a3d",
                        "attributes": {
                            "arn": "arn:aws:ec2:us-east-1:907304892762:security-group/sg-0e9b1aa349b5d6a3d",
                            "description": "launch-wizard-1 created 2020-07-28T10:49:56.241-04:00",
                            "egress.#": "1",
                            "egress.0.cidr_blocks.#": "1",
                            "egress.0.cidr_blocks.0": "0.0.0.0/0",
                            "egress.0.description": "",
                            "egress.0.from_port": "0",
                            "egress.0.ipv6_cidr_blocks.#": "0",
                            "egress.0.prefix_list_ids.#": "0",
                            "egress.0.protocol": "-1",
                            "egress.0.security_groups.#": "0",
                            "egress.0.self": "false",
                            "egress.0.to_port": "0",
                            "id": "sg-0e9b1aa349b5d6a3d",
                            "ingress.#": "1",
                            "ingress.0.cidr_blocks.#": "1",
                            "ingress.0.cidr_blocks.0": "0.0.0.0/0",
                            "ingress.0.description": "",
                            "ingress.0.from_port": "22",
                            "ingress.0.ipv6_cidr_blocks.#": "0",
                            "ingress.0.prefix_list_ids.#": "0",
                            "ingress.0.protocol": "tcp",
                            "ingress.0.security_groups.#": "0",
                            "ingress.0.self": "false",
                            "ingress.0.to_port": "22",
                            "name": "launch-wizard-1",
                            "name_prefix": "",
                            "owner_id": "907304892762",
                            "tags.%": "0",
                            "tags_all.%": "0",
                            "vpc_id": "vpc-6b5b2911"
                        },
                        "meta": {
                            "schema_version": 1
                        },
                        "tainted": false
                    },
                    "deposed": [],
                    "provider": "provider.aws"
                },
                "aws_security_group.tfer--launch-wizard-2_sg-04ef8867c4d1cd543": {
                    "type": "aws_security_group",
                    "depends_on": [],
                    "primary": {
                        "id": "sg-04ef8867c4d1cd543",
                        "attributes": {
                            "arn": "arn:aws:ec2:us-east-1:907304892762:security-group/sg-04ef8867c4d1cd543",
                            "description": "launch-wizard-2 created 2020-08-05T14:03:41.767-04:00",
                            "egress.#": "1",
                            "egress.0.cidr_blocks.#": "1",
                            "egress.0.cidr_blocks.0": "0.0.0.0/0",
                            "egress.0.description": "",
                            "egress.0.from_port": "0",
                            "egress.0.ipv6_cidr_blocks.#": "0",
                            "egress.0.prefix_list_ids.#": "0",
                            "egress.0.protocol": "-1",
                            "egress.0.security_groups.#": "0",
                            "egress.0.self": "false",
                            "egress.0.to_port": "0",
                            "id": "sg-04ef8867c4d1cd543",
                            "ingress.#": "1",
                            "ingress.0.cidr_blocks.#": "1",
                            "ingress.0.cidr_blocks.0": "0.0.0.0/0",
                            "ingress.0.description": "",
                            "ingress.0.from_port": "22",
                            "ingress.0.ipv6_cidr_blocks.#": "0",
                            "ingress.0.prefix_list_ids.#": "0",
                            "ingress.0.protocol": "tcp",
                            "ingress.0.security_groups.#": "0",
                            "ingress.0.self": "false",
                            "ingress.0.to_port": "22",
                            "name": "launch-wizard-2",
                            "name_prefix": "",
                            "owner_id": "907304892762",
                            "tags.%": "0",
                            "tags_all.%": "0",
                            "vpc_id": "vpc-6b5b2911"
                        },
                        "meta": {
                            "schema_version": 1
                        },
                        "tainted": false
                    },
                    "deposed": [],
                    "provider": "provider.aws"
                },
                "aws_security_group.tfer--launch-wizard-3_sg-0cb586de1ca5e0465": {
                    "type": "aws_security_group",
                    "depends_on": [],
                    "primary": {
                        "id": "sg-0cb586de1ca5e0465",
                        "attributes": {
                            "arn": "arn:aws:ec2:us-east-1:907304892762:security-group/sg-0cb586de1ca5e0465",
                            "description": "DeLETED UPDATE LOOK AT ME",
                            "egress.#": "1",
                            "egress.0.cidr_blocks.#": "1",
                            "egress.0.cidr_blocks.0": "0.0.0.0/0",
                            "egress.0.description": "",
                            "egress.0.from_port": "0",
                            "egress.0.ipv6_cidr_blocks.#": "0",
                            "egress.0.prefix_list_ids.#": "0",
                            "egress.0.protocol": "-1",
                            "egress.0.security_groups.#": "0",
                            "egress.0.self": "false",
                            "egress.0.to_port": "0",
                            "id": "sg-0cb586de1ca5e0465",
                            "ingress.#": "1",
                            "ingress.0.cidr_blocks.#": "1",
                            "ingress.0.cidr_blocks.0": "0.0.0.0/0",
                            "ingress.0.description": "",
                            "ingress.0.from_port": "22",
                            "ingress.0.ipv6_cidr_blocks.#": "0",
                            "ingress.0.prefix_list_ids.#": "0",
                            "ingress.0.protocol": "tcp",
                            "ingress.0.security_groups.#": "0",
                            "ingress.0.self": "false",
                            "ingress.0.to_port": "22",
                            "name": "launch-wizard-3",
                            "name_prefix": "",
                            "owner_id": "907304892762",
                            "tags.%": "0",
                            "tags_all.%": "0",
                            "vpc_id": "vpc-6b5b2911"
                        },
                        "meta": {
                            "schema_version": 1
                        },
                        "tainted": false
                    },
                    "deposed": [],
                    "provider": "provider.aws"
                },
                "aws_security_group.tfer--launch-wizard-4_sg-0ee5fd7a6435497da": {
                    "type": "aws_security_group",
                    "depends_on": [],
                    "primary": {
                        "id": "sg-0ee5fd7a6435497da",
                        "attributes": {
                            "arn": "arn:aws:ec2:us-east-1:907304892762:security-group/sg-0ee5fd7a6435497da",
                            "description": "launch-wizard-4 created 2020-08-05T14:57:28.294-04:00",
                            "egress.#": "1",
                            "egress.0.cidr_blocks.#": "1",
                            "egress.0.cidr_blocks.0": "0.0.0.0/0",
                            "egress.0.description": "",
                            "egress.0.from_port": "0",
                            "egress.0.ipv6_cidr_blocks.#": "0",
                            "egress.0.prefix_list_ids.#": "0",
                            "egress.0.protocol": "-1",
                            "egress.0.security_groups.#": "0",
                            "egress.0.self": "false",
                            "egress.0.to_port": "0",
                            "id": "sg-0ee5fd7a6435497da",
                            "ingress.#": "2",
                            "ingress.0.cidr_blocks.#": "1",
                            "ingress.0.cidr_blocks.0": "0.0.0.0/0",
                            "ingress.0.description": "",
                            "ingress.0.from_port": "22",
                            "ingress.0.ipv6_cidr_blocks.#": "0",
                            "ingress.0.prefix_list_ids.#": "0",
                            "ingress.0.protocol": "tcp",
                            "ingress.0.security_groups.#": "0",
                            "ingress.0.self": "false",
                            "ingress.0.to_port": "22",
                            "ingress.1.cidr_blocks.#": "1",
                            "ingress.1.cidr_blocks.0": "0.0.0.0/0",
                            "ingress.1.description": "",
                            "ingress.1.from_port": "80",
                            "ingress.1.ipv6_cidr_blocks.#": "0",
                            "ingress.1.prefix_list_ids.#": "0",
                            "ingress.1.protocol": "tcp",
                            "ingress.1.security_groups.#": "0",
                            "ingress.1.self": "false",
                            "ingress.1.to_port": "80",
                            "name": "launch-wizard-4",
                            "name_prefix": "",
                            "owner_id": "907304892762",
                            "tags.%": "0",
                            "tags_all.%": "0",
                            "vpc_id": "vpc-6b5b2911"
                        },
                        "meta": {
                            "schema_version": 1
                        },
                        "tainted": false
                    },
                    "deposed": [],
                    "provider": "provider.aws"
                },
                "aws_security_group.tfer--launch-wizard-5_sg-0753091bc56a83b27": {
                    "type": "aws_security_group",
                    "depends_on": [],
                    "primary": {
                        "id": "sg-0753091bc56a83b27",
                        "attributes": {
                            "arn": "arn:aws:ec2:us-east-1:907304892762:security-group/sg-0753091bc56a83b27",
                            "description": "launch-wizard-5 created 2020-08-06T07:24:46.137-04:00 LOOK AT ME",
                            "egress.#": "1",
                            "egress.0.cidr_blocks.#": "1",
                            "egress.0.cidr_blocks.0": "0.0.0.0/0",
                            "egress.0.description": "",
                            "egress.0.from_port": "0",
                            "egress.0.ipv6_cidr_blocks.#": "0",
                            "egress.0.prefix_list_ids.#": "0",
                            "egress.0.protocol": "-1",
                            "egress.0.security_groups.#": "0",
                            "egress.0.self": "false",
                            "egress.0.to_port": "0",
                            "id": "sg-0753091bc56a83b27",
                            "ingress.#": "1",
                            "ingress.0.cidr_blocks.#": "1",
                            "ingress.0.cidr_blocks.0": "73.13.93.80/32",
                            "ingress.0.description": "",
                            "ingress.0.from_port": "22",
                            "ingress.0.ipv6_cidr_blocks.#": "0",
                            "ingress.0.prefix_list_ids.#": "0",
                            "ingress.0.protocol": "tcp",
                            "ingress.0.security_groups.#": "0",
                            "ingress.0.self": "false",
                            "ingress.0.to_port": "22",
                            "name": "launch-wizard-5",
                            "name_prefix": "",
                            "owner_id": "907304892762",
                            "tags.%": "0",
                            "tags_all.%": "0",
                            "vpc_id": "vpc-6b5b2911"
                        },
                        "meta": {
                            "schema_version": 1
                        },
                        "tainted": false
                    },
                    "deposed": [],
                    "provider": "provider.aws"
                },
                "aws_security_group.tfer--launch-wizard-6_sg-0d423a37d120ee6f2": {
                    "type": "aws_security_group",
                    "depends_on": [],
                    "primary": {
                        "id": "sg-0d423a37d120ee6f2",
                        "attributes": {
                            "arn": "arn:aws:ec2:us-east-1:907304892762:security-group/sg-0d423a37d120ee6f2",
                            "description": "launch-wizard-6 created 2020-07-27T13:42:42.913-04:00",
                            "egress.#": "1",
                            "egress.0.cidr_blocks.#": "1",
                            "egress.0.cidr_blocks.0": "0.0.0.0/0",
                            "egress.0.description": "",
                            "egress.0.from_port": "0",
                            "egress.0.ipv6_cidr_blocks.#": "0",
                            "egress.0.prefix_list_ids.#": "0",
                            "egress.0.protocol": "-1",
                            "egress.0.security_groups.#": "0",
                            "egress.0.self": "false",
                            "egress.0.to_port": "0",
                            "id": "sg-0d423a37d120ee6f2",
                            "ingress.#": "1",
                            "ingress.0.cidr_blocks.#": "1",
                            "ingress.0.cidr_blocks.0": "0.0.0.0/0",
                            "ingress.0.description": "",
                            "ingress.0.from_port": "3389",
                            "ingress.0.ipv6_cidr_blocks.#": "0",
                            "ingress.0.prefix_list_ids.#": "0",
                            "ingress.0.protocol": "tcp",
                            "ingress.0.security_groups.#": "0",
                            "ingress.0.self": "false",
                            "ingress.0.to_port": "3389",
                            "name": "launch-wizard-6",
                            "name_prefix": "",
                            "owner_id": "907304892762",
                            "tags.%": "0",
                            "tags_all.%": "0",
                            "vpc_id": "vpc-6b5b2911"
                        },
                        "meta": {
                            "schema_version": 1
                        },
                        "tainted": false
                    },
                    "deposed": [],
                    "provider": "provider.aws"
                },
                "aws_security_group.tfer--launch-wizard-7_sg-0b1a7ffe6da0367ed": {
                    "type": "aws_security_group",
                    "depends_on": [],
                    "primary": {
                        "id": "sg-0b1a7ffe6da0367ed",
                        "attributes": {
                            "arn": "arn:aws:ec2:us-east-1:907304892762:security-group/sg-0b1a7ffe6da0367ed",
                            "description": "launch-wizard-7 created 2020-08-06T07:59:30.368-04:00",
                            "egress.#": "1",
                            "egress.0.cidr_blocks.#": "1",
                            "egress.0.cidr_blocks.0": "0.0.0.0/0",
                            "egress.0.description": "",
                            "egress.0.from_port": "0",
                            "egress.0.ipv6_cidr_blocks.#": "0",
                            "egress.0.prefix_list_ids.#": "0",
                            "egress.0.protocol": "-1",
                            "egress.0.security_groups.#": "0",
                            "egress.0.self": "false",
                            "egress.0.to_port": "0",
                            "id": "sg-0b1a7ffe6da0367ed",
                            "ingress.#": "1",
                            "ingress.0.cidr_blocks.#": "1",
                            "ingress.0.cidr_blocks.0": "0.0.0.0/0",
                            "ingress.0.description": "",
                            "ingress.0.from_port": "3389",
                            "ingress.0.ipv6_cidr_blocks.#": "0",
                            "ingress.0.prefix_list_ids.#": "0",
                            "ingress.0.protocol": "tcp",
                            "ingress.0.security_groups.#": "0",
                            "ingress.0.self": "false",
                            "ingress.0.to_port": "3389",
                            "name": "launch-wizard-7",
                            "name_prefix": "",
                            "owner_id": "907304892762",
                            "tags.%": "0",
                            "tags_all.%": "0",
                            "vpc_id": "vpc-6b5b2911"
                        },
                        "meta": {
                            "schema_version": 1
                        },
                        "tainted": false
                    },
                    "deposed": [],
                    "provider": "provider.aws"
                },
                "aws_security_group.tfer--launch-wizard-8_sg-08a8899babe35cfd7": {
                    "type": "aws_security_group",
                    "depends_on": [],
                    "primary": {
                        "id": "sg-08a8899babe35cfd7",
                        "attributes": {
                            "arn": "arn:aws:ec2:us-east-1:907304892762:security-group/sg-08a8899babe35cfd7",
                            "description": "launch-wizard-8 created 2020-08-07T08:02:04.928-04:00",
                            "egress.#": "1",
                            "egress.0.cidr_blocks.#": "1",
                            "egress.0.cidr_blocks.0": "0.0.0.0/0",
                            "egress.0.description": "",
                            "egress.0.from_port": "0",
                            "egress.0.ipv6_cidr_blocks.#": "0",
                            "egress.0.prefix_list_ids.#": "0",
                            "egress.0.protocol": "-1",
                            "egress.0.security_groups.#": "0",
                            "egress.0.self": "false",
                            "egress.0.to_port": "0",
                            "id": "sg-08a8899babe35cfd7",
                            "ingress.#": "3",
                            "ingress.0.cidr_blocks.#": "1",
                            "ingress.0.cidr_blocks.0": "0.0.0.0/0",
                            "ingress.0.description": "",
                            "ingress.0.from_port": "22",
                            "ingress.0.ipv6_cidr_blocks.#": "0",
                            "ingress.0.prefix_list_ids.#": "0",
                            "ingress.0.protocol": "tcp",
                            "ingress.0.security_groups.#": "0",
                            "ingress.0.self": "false",
                            "ingress.0.to_port": "22",
                            "ingress.1.cidr_blocks.#": "1",
                            "ingress.1.cidr_blocks.0": "0.0.0.0/0",
                            "ingress.1.description": "",
                            "ingress.1.from_port": "8080",
                            "ingress.1.ipv6_cidr_blocks.#": "0",
                            "ingress.1.prefix_list_ids.#": "0",
                            "ingress.1.protocol": "tcp",
                            "ingress.1.security_groups.#": "0",
                            "ingress.1.self": "false",
                            "ingress.1.to_port": "8080",
                            "ingress.2.cidr_blocks.#": "1",
                            "ingress.2.cidr_blocks.0": "0.0.0.0/0",
                            "ingress.2.description": "",
                            "ingress.2.from_port": "80",
                            "ingress.2.ipv6_cidr_blocks.#": "1",
                            "ingress.2.ipv6_cidr_blocks.0": "::/0",
                            "ingress.2.prefix_list_ids.#": "0",
                            "ingress.2.protocol": "tcp",
                            "ingress.2.security_groups.#": "0",
                            "ingress.2.self": "false",
                            "ingress.2.to_port": "80",
                            "name": "launch-wizard-8",
                            "name_prefix": "",
                            "owner_id": "907304892762",
                            "tags.%": "0",
                            "tags_all.%": "0",
                            "vpc_id": "vpc-6b5b2911"
                        },
                        "meta": {
                            "schema_version": 1
                        },
                        "tainted": false
                    },
                    "deposed": [],
                    "provider": "provider.aws"
                },
                "aws_security_group.tfer--launch-wizard-9_sg-0b8b6795042d97ca5": {
                    "type": "aws_security_group",
                    "depends_on": [],
                    "primary": {
                        "id": "sg-0b8b6795042d97ca5",
                        "attributes": {
                            "arn": "arn:aws:ec2:us-east-1:907304892762:security-group/sg-0b8b6795042d97ca5",
                            "description": "launch-wizard-9 created 2021-11-01T18:29:35.393-04:00",
                            "egress.#": "1",
                            "egress.0.cidr_blocks.#": "1",
                            "egress.0.cidr_blocks.0": "0.0.0.0/0",
                            "egress.0.description": "",
                            "egress.0.from_port": "0",
                            "egress.0.ipv6_cidr_blocks.#": "0",
                            "egress.0.prefix_list_ids.#": "0",
                            "egress.0.protocol": "-1",
                            "egress.0.security_groups.#": "0",
                            "egress.0.self": "false",
                            "egress.0.to_port": "0",
                            "id": "sg-0b8b6795042d97ca5",
                            "ingress.#": "1",
                            "ingress.0.cidr_blocks.#": "1",
                            "ingress.0.cidr_blocks.0": "0.0.0.0/0",
                            "ingress.0.description": "",
                            "ingress.0.from_port": "22",
                            "ingress.0.ipv6_cidr_blocks.#": "0",
                            "ingress.0.prefix_list_ids.#": "0",
                            "ingress.0.protocol": "tcp",
                            "ingress.0.security_groups.#": "0",
                            "ingress.0.self": "false",
                            "ingress.0.to_port": "22",
                            "name": "launch-wizard-9",
                            "name_prefix": "",
                            "owner_id": "907304892762",
                            "tags.%": "0",
                            "tags_all.%": "0",
                            "vpc_id": "vpc-6b5b2911"
                        },
                        "meta": {
                            "schema_version": 1
                        },
                        "tainted": false
                    },
                    "deposed": [],
                    "provider": "provider.aws"
                },
                "aws_security_group.tfer--my-first-security-group_sg-0a5683e92bd8f8586": {
                    "type": "aws_security_group",
                    "depends_on": [],
                    "primary": {
                        "id": "sg-0a5683e92bd8f8586",
                        "attributes": {
                            "arn": "arn:aws:ec2:us-east-1:907304892762:security-group/sg-0a5683e92bd8f8586",
                            "description": "Created with my first EC2 Instance",
                            "egress.#": "1",
                            "egress.0.cidr_blocks.#": "1",
                            "egress.0.cidr_blocks.0": "0.0.0.0/0",
                            "egress.0.description": "",
                            "egress.0.from_port": "0",
                            "egress.0.ipv6_cidr_blocks.#": "0",
                            "egress.0.prefix_list_ids.#": "0",
                            "egress.0.protocol": "-1",
                            "egress.0.security_groups.#": "0",
                            "egress.0.self": "false",
                            "egress.0.to_port": "0",
                            "id": "sg-0a5683e92bd8f8586",
                            "ingress.#": "1",
                            "ingress.0.cidr_blocks.#": "1",
                            "ingress.0.cidr_blocks.0": "0.0.0.0/0",
                            "ingress.0.description": "SSH to the instance",
                            "ingress.0.from_port": "22",
                            "ingress.0.ipv6_cidr_blocks.#": "0",
                            "ingress.0.prefix_list_ids.#": "0",
                            "ingress.0.protocol": "tcp",
                            "ingress.0.security_groups.#": "0",
                            "ingress.0.self": "false",
                            "ingress.0.to_port": "22",
                            "name": "my-first-security-group",
                            "name_prefix": "",
                            "owner_id": "907304892762",
                            "tags.%": "0",
                            "tags_all.%": "0",
                            "vpc_id": "vpc-6b5b2911"
                        },
                        "meta": {
                            "schema_version": 1
                        },
                        "tainted": false
                    },
                    "deposed": [],
                    "provider": "provider.aws"
                },
                "aws_security_group.tfer--my-new-sg_sg-096826fe16c15dec1": {
                    "type": "aws_security_group",
                    "depends_on": [],
                    "primary": {
                        "id": "sg-096826fe16c15dec1",
                        "attributes": {
                            "arn": "arn:aws:ec2:us-east-1:907304892762:security-group/sg-096826fe16c15dec1",
                            "description": "Test New Group UPDATED LOOK FOR ME",
                            "egress.#": "1",
                            "egress.0.cidr_blocks.#": "1",
                            "egress.0.cidr_blocks.0": "0.0.0.0/0",
                            "egress.0.description": "",
                            "egress.0.from_port": "0",
                            "egress.0.ipv6_cidr_blocks.#": "0",
                            "egress.0.prefix_list_ids.#": "0",
                            "egress.0.protocol": "-1",
                            "egress.0.security_groups.#": "0",
                            "egress.0.self": "false",
                            "egress.0.to_port": "0",
                            "id": "sg-096826fe16c15dec1",
                            "ingress.#": "0",
                            "name": "my-new-sg",
                            "name_prefix": "",
                            "owner_id": "907304892762",
                            "tags.%": "0",
                            "tags_all.%": "0",
                            "vpc_id": "vpc-6b5b2911"
                        },
                        "meta": {
                            "schema_version": 1
                        },
                        "tainted": false
                    },
                    "deposed": [],
                    "provider": "provider.aws"
                },
                "aws_security_group.tfer--sysadmin-sg_sg-0336c677904a51614": {
                    "type": "aws_security_group",
                    "depends_on": [],
                    "primary": {
                        "id": "sg-0336c677904a51614",
                        "attributes": {
                            "arn": "arn:aws:ec2:us-east-1:907304892762:security-group/sg-0336c677904a51614",
                            "description": "Sysadmin Security Group",
                            "egress.#": "0",
                            "id": "sg-0336c677904a51614",
                            "ingress.#": "0",
                            "name": "sysadmin-sg",
                            "name_prefix": "",
                            "owner_id": "907304892762",
                            "tags.%": "0",
                            "tags_all.%": "0",
                            "vpc_id": "vpc-6b5b2911"
                        },
                        "meta": {
                            "schema_version": 1
                        },
                        "tainted": false
                    },
                    "deposed": [],
                    "provider": "provider.aws"
                }
            },
            "depends_on": []
        }
    ]
}
