{
  "version": 4,
  "terraform_version": "1.1.5",
  "serial": 4,
  "lineage": "f8b28144-04ec-6ec0-a2f5-794e20340e4d",
  "outputs": {
    "aws_security_group_tfer--AutoScaling-Security-Group-1_sg-0081ba6a3ea6bc190_id": {
      "value": "sg-0081ba6a3ea6bc190",
      "type": "string"
    },
    "aws_security_group_tfer--My-0020-First-0020-Security-0020-Group_sg-0f8088c67fd659c27_id": {
      "value": "sg-0f8088c67fd659c27",
      "type": "string"
    },
    "aws_security_group_tfer--MyFirstLoadBalancer_sg-014c101fd5b851268_id": {
      "value": "sg-014c101fd5b851268",
      "type": "string"
    },
    "aws_security_group_tfer--Security-0020-Group-0020-for-0020-WordPress_sg-0fd1bbbe91ac926b7_id": {
      "value": "sg-0fd1bbbe91ac926b7",
      "type": "string"
    },
    "aws_security_group_tfer--Windows-0020-Group_sg-047e4c1748d431f63_id": {
      "value": "sg-047e4c1748d431f63",
      "type": "string"
    },
    "aws_security_group_tfer--default_sg-000492c6254184329_id": {
      "value": "sg-000492c6254184329",
      "type": "string"
    },
    "aws_security_group_tfer--default_sg-462f5d1a_id": {
      "value": "sg-462f5d1a",
      "type": "string"
    },
    "aws_security_group_tfer--launch-wizard-10_sg-058a8ba6cdbcf9f59_id": {
      "value": "sg-058a8ba6cdbcf9f59",
      "type": "string"
    },
    "aws_security_group_tfer--launch-wizard-1_sg-0e9b1aa349b5d6a3d_id": {
      "value": "sg-0e9b1aa349b5d6a3d",
      "type": "string"
    },
    "aws_security_group_tfer--launch-wizard-2_sg-04ef8867c4d1cd543_id": {
      "value": "sg-04ef8867c4d1cd543",
      "type": "string"
    },
    "aws_security_group_tfer--launch-wizard-3_sg-0cb586de1ca5e0465_id": {
      "value": "sg-0cb586de1ca5e0465",
      "type": "string"
    },
    "aws_security_group_tfer--launch-wizard-4_sg-0ee5fd7a6435497da_id": {
      "value": "sg-0ee5fd7a6435497da",
      "type": "string"
    },
    "aws_security_group_tfer--launch-wizard-5_sg-0753091bc56a83b27_id": {
      "value": "sg-0753091bc56a83b27",
      "type": "string"
    },
    "aws_security_group_tfer--launch-wizard-6_sg-0d423a37d120ee6f2_id": {
      "value": "sg-0d423a37d120ee6f2",
      "type": "string"
    },
    "aws_security_group_tfer--launch-wizard-7_sg-0b1a7ffe6da0367ed_id": {
      "value": "sg-0b1a7ffe6da0367ed",
      "type": "string"
    },
    "aws_security_group_tfer--launch-wizard-8_sg-08a8899babe35cfd7_id": {
      "value": "sg-08a8899babe35cfd7",
      "type": "string"
    },
    "aws_security_group_tfer--launch-wizard-9_sg-0b8b6795042d97ca5_id": {
      "value": "sg-0b8b6795042d97ca5",
      "type": "string"
    },
    "aws_security_group_tfer--my-first-security-group_sg-0a5683e92bd8f8586_id": {
      "value": "sg-0a5683e92bd8f8586",
      "type": "string"
    },
    "aws_security_group_tfer--my-new-sg_sg-096826fe16c15dec1_id": {
      "value": "sg-096826fe16c15dec1",
      "type": "string"
    },
    "aws_security_group_tfer--sysadmin-sg_sg-0336c677904a51614_id": {
      "value": "sg-0336c677904a51614",
      "type": "string"
    }
  },
  "resources": [
    {
      "mode": "data",
      "type": "terraform_remote_state",
      "name": "sg",
      "provider": "provider[\"terraform.io/builtin/terraform\"]",
      "instances": [
        {
          "schema_version": 0,
          "attributes": {
            "backend": "local",
            "config": {
              "value": {
                "path": "../../../generated/aws/sg/terraform.tfstate"
              },
              "type": [
                "object",
                {
                  "path": "string"
                }
              ]
            },
            "defaults": null,
            "outputs": {
              "value": {
                "aws_security_group_tfer--AutoScaling-Security-Group-1_sg-0081ba6a3ea6bc190_id": "sg-0081ba6a3ea6bc190",
                "aws_security_group_tfer--Being-0020-Dominate-0020-VPN_sg-0fbe65e818c656b63_id": "sg-0fbe65e818c656b63",
                "aws_security_group_tfer--My-0020-First-0020-Security-0020-Group_sg-0f8088c67fd659c27_id": "sg-0f8088c67fd659c27",
                "aws_security_group_tfer--MyFirstLoadBalancer_sg-014c101fd5b851268_id": "sg-014c101fd5b851268",
                "aws_security_group_tfer--Security-0020-Group-0020-for-0020-WordPress_sg-0fd1bbbe91ac926b7_id": "sg-0fd1bbbe91ac926b7",
                "aws_security_group_tfer--Windows-0020-Group_sg-047e4c1748d431f63_id": "sg-047e4c1748d431f63",
                "aws_security_group_tfer--default_sg-000492c6254184329_id": "sg-000492c6254184329",
                "aws_security_group_tfer--default_sg-462f5d1a_id": "sg-462f5d1a",
                "aws_security_group_tfer--launch-wizard-10_sg-058a8ba6cdbcf9f59_id": "sg-058a8ba6cdbcf9f59",
                "aws_security_group_tfer--launch-wizard-1_sg-0e9b1aa349b5d6a3d_id": "sg-0e9b1aa349b5d6a3d",
                "aws_security_group_tfer--launch-wizard-2_sg-04ef8867c4d1cd543_id": "sg-04ef8867c4d1cd543",
                "aws_security_group_tfer--launch-wizard-3_sg-0cb586de1ca5e0465_id": "sg-0cb586de1ca5e0465",
                "aws_security_group_tfer--launch-wizard-4_sg-0ee5fd7a6435497da_id": "sg-0ee5fd7a6435497da",
                "aws_security_group_tfer--launch-wizard-5_sg-0753091bc56a83b27_id": "sg-0753091bc56a83b27",
                "aws_security_group_tfer--launch-wizard-6_sg-0d423a37d120ee6f2_id": "sg-0d423a37d120ee6f2",
                "aws_security_group_tfer--launch-wizard-7_sg-0b1a7ffe6da0367ed_id": "sg-0b1a7ffe6da0367ed",
                "aws_security_group_tfer--launch-wizard-8_sg-08a8899babe35cfd7_id": "sg-08a8899babe35cfd7",
                "aws_security_group_tfer--launch-wizard-9_sg-0b8b6795042d97ca5_id": "sg-0b8b6795042d97ca5",
                "aws_security_group_tfer--my-first-security-group_sg-0a5683e92bd8f8586_id": "sg-0a5683e92bd8f8586",
                "aws_security_group_tfer--my-new-sg_sg-096826fe16c15dec1_id": "sg-096826fe16c15dec1",
                "aws_security_group_tfer--sysadmin-sg_sg-0336c677904a51614_id": "sg-0336c677904a51614"
              },
              "type": [
                "object",
                {
                  "aws_security_group_tfer--AutoScaling-Security-Group-1_sg-0081ba6a3ea6bc190_id": "string",
                  "aws_security_group_tfer--Being-0020-Dominate-0020-VPN_sg-0fbe65e818c656b63_id": "string",
                  "aws_security_group_tfer--My-0020-First-0020-Security-0020-Group_sg-0f8088c67fd659c27_id": "string",
                  "aws_security_group_tfer--MyFirstLoadBalancer_sg-014c101fd5b851268_id": "string",
                  "aws_security_group_tfer--Security-0020-Group-0020-for-0020-WordPress_sg-0fd1bbbe91ac926b7_id": "string",
                  "aws_security_group_tfer--Windows-0020-Group_sg-047e4c1748d431f63_id": "string",
                  "aws_security_group_tfer--default_sg-000492c6254184329_id": "string",
                  "aws_security_group_tfer--default_sg-462f5d1a_id": "string",
                  "aws_security_group_tfer--launch-wizard-10_sg-058a8ba6cdbcf9f59_id": "string",
                  "aws_security_group_tfer--launch-wizard-1_sg-0e9b1aa349b5d6a3d_id": "string",
                  "aws_security_group_tfer--launch-wizard-2_sg-04ef8867c4d1cd543_id": "string",
                  "aws_security_group_tfer--launch-wizard-3_sg-0cb586de1ca5e0465_id": "string",
                  "aws_security_group_tfer--launch-wizard-4_sg-0ee5fd7a6435497da_id": "string",
                  "aws_security_group_tfer--launch-wizard-5_sg-0753091bc56a83b27_id": "string",
                  "aws_security_group_tfer--launch-wizard-6_sg-0d423a37d120ee6f2_id": "string",
                  "aws_security_group_tfer--launch-wizard-7_sg-0b1a7ffe6da0367ed_id": "string",
                  "aws_security_group_tfer--launch-wizard-8_sg-08a8899babe35cfd7_id": "string",
                  "aws_security_group_tfer--launch-wizard-9_sg-0b8b6795042d97ca5_id": "string",
                  "aws_security_group_tfer--my-first-security-group_sg-0a5683e92bd8f8586_id": "string",
                  "aws_security_group_tfer--my-new-sg_sg-096826fe16c15dec1_id": "string",
                  "aws_security_group_tfer--sysadmin-sg_sg-0336c677904a51614_id": "string"
                }
              ]
            },
            "workspace": null
          },
          "sensitive_attributes": []
        }
      ]
    },
    {
      "mode": "managed",
      "type": "aws_security_group",
      "name": "tfer--AutoScaling-Security-Group-1_sg-0081ba6a3ea6bc190",
      "provider": "provider[\"registry.terraform.io/hashicorp/aws\"]",
      "instances": [
        {
          "schema_version": 1,
          "attributes": {
            "arn": "arn:aws:ec2:us-east-1:907304892762:security-group/sg-0081ba6a3ea6bc190",
            "description": "AutoScaling-Security-Group-1 (2020-01-27 09:01:32.410-05:00)",
            "egress": [
              {
                "cidr_blocks": [
                  "0.0.0.0/0"
                ],
                "description": "",
                "from_port": 0,
                "ipv6_cidr_blocks": [],
                "prefix_list_ids": [],
                "protocol": "-1",
                "security_groups": [],
                "self": false,
                "to_port": 0
              }
            ],
            "id": "sg-0081ba6a3ea6bc190",
            "ingress": [
              {
                "cidr_blocks": [
                  "0.0.0.0/0"
                ],
                "description": "",
                "from_port": 22,
                "ipv6_cidr_blocks": [],
                "prefix_list_ids": [],
                "protocol": "tcp",
                "security_groups": [],
                "self": false,
                "to_port": 22
              }
            ],
            "name": "AutoScaling-Security-Group-1",
            "name_prefix": "",
            "owner_id": "907304892762",
            "revoke_rules_on_delete": null,
            "tags": {},
            "tags_all": {},
            "timeouts": {
              "create": null,
              "delete": null
            },
            "vpc_id": "vpc-6b5b2911"
          },
          "sensitive_attributes": []
        }
      ]
    },
    {
      "mode": "managed",
      "type": "aws_security_group",
      "name": "tfer--My-0020-First-0020-Security-0020-Group_sg-0f8088c67fd659c27",
      "provider": "provider[\"registry.terraform.io/hashicorp/aws\"]",
      "instances": [
        {
          "schema_version": 1,
          "attributes": {
            "arn": "arn:aws:ec2:us-east-1:907304892762:security-group/sg-0f8088c67fd659c27",
            "description": "Created with my first ec2 instance",
            "egress": [
              {
                "cidr_blocks": [
                  "0.0.0.0/0"
                ],
                "description": "",
                "from_port": 0,
                "ipv6_cidr_blocks": [],
                "prefix_list_ids": [],
                "protocol": "-1",
                "security_groups": [],
                "self": false,
                "to_port": 0
              }
            ],
            "id": "sg-0f8088c67fd659c27",
            "ingress": [
              {
                "cidr_blocks": [
                  "0.0.0.0/0"
                ],
                "description": "",
                "from_port": 8080,
                "ipv6_cidr_blocks": [],
                "prefix_list_ids": [],
                "protocol": "tcp",
                "security_groups": [],
                "self": false,
                "to_port": 8080
              },
              {
                "cidr_blocks": [
                  "0.0.0.0/0"
                ],
                "description": "SSH to the instance",
                "from_port": 22,
                "ipv6_cidr_blocks": [],
                "prefix_list_ids": [],
                "protocol": "tcp",
                "security_groups": [],
                "self": false,
                "to_port": 22
              },
              {
                "cidr_blocks": [],
                "description": "Allow HTTP Traffice for Apache",
                "from_port": 80,
                "ipv6_cidr_blocks": [],
                "prefix_list_ids": [],
                "protocol": "tcp",
                "security_groups": [
                  "sg-014c101fd5b851268"
                ],
                "self": false,
                "to_port": 80
              }
            ],
            "name": "My First Security Group",
            "name_prefix": "",
            "owner_id": "907304892762",
            "revoke_rules_on_delete": null,
            "tags": {},
            "tags_all": {},
            "timeouts": {
              "create": null,
              "delete": null
            },
            "vpc_id": "vpc-6b5b2911"
          },
          "sensitive_attributes": [],
          "dependencies": [
            "data.terraform_remote_state.sg"
          ]
        }
      ]
    },
    {
      "mode": "managed",
      "type": "aws_security_group",
      "name": "tfer--MyFirstLoadBalancer_sg-014c101fd5b851268",
      "provider": "provider[\"registry.terraform.io/hashicorp/aws\"]",
      "instances": [
        {
          "schema_version": 1,
          "attributes": {
            "arn": "arn:aws:ec2:us-east-1:907304892762:security-group/sg-014c101fd5b851268",
            "description": "MY first Load Balancer security Group",
            "egress": [
              {
                "cidr_blocks": [
                  "0.0.0.0/0"
                ],
                "description": "",
                "from_port": 0,
                "ipv6_cidr_blocks": [],
                "prefix_list_ids": [],
                "protocol": "-1",
                "security_groups": [],
                "self": false,
                "to_port": 0
              }
            ],
            "id": "sg-014c101fd5b851268",
            "ingress": [
              {
                "cidr_blocks": [
                  "0.0.0.0/0"
                ],
                "description": "",
                "from_port": 80,
                "ipv6_cidr_blocks": [],
                "prefix_list_ids": [],
                "protocol": "tcp",
                "security_groups": [],
                "self": true,
                "to_port": 80
              }
            ],
            "name": "MyFirstLoadBalancer",
            "name_prefix": "",
            "owner_id": "907304892762",
            "revoke_rules_on_delete": null,
            "tags": {},
            "tags_all": {},
            "timeouts": {
              "create": null,
              "delete": null
            },
            "vpc_id": "vpc-6b5b2911"
          },
          "sensitive_attributes": []
        }
      ]
    },
    {
      "mode": "managed",
      "type": "aws_security_group",
      "name": "tfer--Security-0020-Group-0020-for-0020-WordPress_sg-0fd1bbbe91ac926b7",
      "provider": "provider[\"registry.terraform.io/hashicorp/aws\"]",
      "instances": [
        {
          "schema_version": 1,
          "attributes": {
            "arn": "arn:aws:ec2:us-east-1:907304892762:security-group/sg-0fd1bbbe91ac926b7",
            "description": "all traffic to Wordpress",
            "egress": [
              {
                "cidr_blocks": [
                  "0.0.0.0/0"
                ],
                "description": "",
                "from_port": 0,
                "ipv6_cidr_blocks": [],
                "prefix_list_ids": [],
                "protocol": "-1",
                "security_groups": [],
                "self": false,
                "to_port": 0
              }
            ],
            "id": "sg-0fd1bbbe91ac926b7",
            "ingress": [
              {
                "cidr_blocks": [
                  "0.0.0.0/0"
                ],
                "description": "",
                "from_port": 22,
                "ipv6_cidr_blocks": [],
                "prefix_list_ids": [],
                "protocol": "tcp",
                "security_groups": [],
                "self": false,
                "to_port": 22
              },
              {
                "cidr_blocks": [
                  "0.0.0.0/0"
                ],
                "description": "",
                "from_port": 80,
                "ipv6_cidr_blocks": [
                  "::/0"
                ],
                "prefix_list_ids": [],
                "protocol": "tcp",
                "security_groups": [],
                "self": false,
                "to_port": 80
              }
            ],
            "name": "Security Group for WordPress",
            "name_prefix": "",
            "owner_id": "907304892762",
            "revoke_rules_on_delete": null,
            "tags": {},
            "tags_all": {},
            "timeouts": {
              "create": null,
              "delete": null
            },
            "vpc_id": "vpc-6b5b2911"
          },
          "sensitive_attributes": []
        }
      ]
    },
    {
      "mode": "managed",
      "type": "aws_security_group",
      "name": "tfer--Windows-0020-Group_sg-047e4c1748d431f63",
      "provider": "provider[\"registry.terraform.io/hashicorp/aws\"]",
      "instances": [
        {
          "schema_version": 1,
          "attributes": {
            "arn": "arn:aws:ec2:us-east-1:907304892762:security-group/sg-047e4c1748d431f63",
            "description": "launch-wizard-2 created 2020-07-30T15:36:44.702-04:00",
            "egress": [
              {
                "cidr_blocks": [
                  "0.0.0.0/0"
                ],
                "description": "",
                "from_port": 0,
                "ipv6_cidr_blocks": [],
                "prefix_list_ids": [],
                "protocol": "-1",
                "security_groups": [],
                "self": false,
                "to_port": 0
              }
            ],
            "id": "sg-047e4c1748d431f63",
            "ingress": [
              {
                "cidr_blocks": [
                  "0.0.0.0/0"
                ],
                "description": "",
                "from_port": 3389,
                "ipv6_cidr_blocks": [],
                "prefix_list_ids": [],
                "protocol": "tcp",
                "security_groups": [],
                "self": false,
                "to_port": 3389
              },
              {
                "cidr_blocks": [
                  "0.0.0.0/0"
                ],
                "description": "SSH for Admin",
                "from_port": 22,
                "ipv6_cidr_blocks": [],
                "prefix_list_ids": [],
                "protocol": "tcp",
                "security_groups": [],
                "self": false,
                "to_port": 22
              }
            ],
            "name": "Windows Group",
            "name_prefix": "",
            "owner_id": "907304892762",
            "revoke_rules_on_delete": null,
            "tags": {},
            "tags_all": {},
            "timeouts": {
              "create": null,
              "delete": null
            },
            "vpc_id": "vpc-6b5b2911"
          },
          "sensitive_attributes": []
        }
      ]
    },
    {
      "mode": "managed",
      "type": "aws_security_group",
      "name": "tfer--default_sg-000492c6254184329",
      "provider": "provider[\"registry.terraform.io/hashicorp/aws\"]",
      "instances": [
        {
          "schema_version": 1,
          "attributes": {
            "arn": "arn:aws:ec2:us-east-1:907304892762:security-group/sg-000492c6254184329",
            "description": "default VPC security group",
            "egress": [
              {
                "cidr_blocks": [
                  "0.0.0.0/0"
                ],
                "description": "",
                "from_port": 0,
                "ipv6_cidr_blocks": [],
                "prefix_list_ids": [],
                "protocol": "-1",
                "security_groups": [],
                "self": false,
                "to_port": 0
              }
            ],
            "id": "sg-000492c6254184329",
            "ingress": [
              {
                "cidr_blocks": [],
                "description": "",
                "from_port": 0,
                "ipv6_cidr_blocks": [],
                "prefix_list_ids": [],
                "protocol": "-1",
                "security_groups": [],
                "self": true,
                "to_port": 0
              }
            ],
            "name": "default",
            "name_prefix": "",
            "owner_id": "907304892762",
            "revoke_rules_on_delete": null,
            "tags": {},
            "tags_all": {},
            "timeouts": {
              "create": null,
              "delete": null
            },
            "vpc_id": "vpc-0ab1c865b92fc8f5f"
          },
          "sensitive_attributes": []
        }
      ]
    },
    {
      "mode": "managed",
      "type": "aws_security_group",
      "name": "tfer--default_sg-462f5d1a",
      "provider": "provider[\"registry.terraform.io/hashicorp/aws\"]",
      "instances": [
        {
          "schema_version": 1,
          "attributes": {
            "arn": "arn:aws:ec2:us-east-1:907304892762:security-group/sg-462f5d1a",
            "description": "default VPC security group",
            "egress": [
              {
                "cidr_blocks": [
                  "0.0.0.0/0"
                ],
                "description": "",
                "from_port": 0,
                "ipv6_cidr_blocks": [],
                "prefix_list_ids": [],
                "protocol": "-1",
                "security_groups": [],
                "self": false,
                "to_port": 0
              }
            ],
            "id": "sg-462f5d1a",
            "ingress": [
              {
                "cidr_blocks": [],
                "description": "",
                "from_port": 0,
                "ipv6_cidr_blocks": [],
                "prefix_list_ids": [],
                "protocol": "-1",
                "security_groups": [],
                "self": true,
                "to_port": 0
              }
            ],
            "name": "default",
            "name_prefix": "",
            "owner_id": "907304892762",
            "revoke_rules_on_delete": null,
            "tags": {},
            "tags_all": {},
            "timeouts": {
              "create": null,
              "delete": null
            },
            "vpc_id": "vpc-6b5b2911"
          },
          "sensitive_attributes": []
        }
      ]
    },
    {
      "mode": "managed",
      "type": "aws_security_group",
      "name": "tfer--launch-wizard-10_sg-058a8ba6cdbcf9f59",
      "provider": "provider[\"registry.terraform.io/hashicorp/aws\"]",
      "instances": [
        {
          "schema_version": 1,
          "attributes": {
            "arn": "arn:aws:ec2:us-east-1:907304892762:security-group/sg-058a8ba6cdbcf9f59",
            "description": "launch-wizard-10 created 2022-07-28T20:36:47.731Z",
            "egress": [
              {
                "cidr_blocks": [
                  "0.0.0.0/0"
                ],
                "description": "",
                "from_port": 0,
                "ipv6_cidr_blocks": [],
                "prefix_list_ids": [],
                "protocol": "-1",
                "security_groups": [],
                "self": false,
                "to_port": 0
              }
            ],
            "id": "sg-058a8ba6cdbcf9f59",
            "ingress": [
              {
                "cidr_blocks": [
                  "0.0.0.0/0"
                ],
                "description": "",
                "from_port": 22,
                "ipv6_cidr_blocks": [],
                "prefix_list_ids": [],
                "protocol": "tcp",
                "security_groups": [],
                "self": false,
                "to_port": 22
              }
            ],
            "name": "launch-wizard-10",
            "name_prefix": "",
            "owner_id": "907304892762",
            "revoke_rules_on_delete": null,
            "tags": {},
            "tags_all": {},
            "timeouts": {
              "create": null,
              "delete": null
            },
            "vpc_id": "vpc-6b5b2911"
          },
          "sensitive_attributes": []
        }
      ]
    },
    {
      "mode": "managed",
      "type": "aws_security_group",
      "name": "tfer--launch-wizard-1_sg-0e9b1aa349b5d6a3d",
      "provider": "provider[\"registry.terraform.io/hashicorp/aws\"]",
      "instances": [
        {
          "schema_version": 1,
          "attributes": {
            "arn": "arn:aws:ec2:us-east-1:907304892762:security-group/sg-0e9b1aa349b5d6a3d",
            "description": "launch-wizard-1 created 2020-07-28T10:49:56.241-04:00",
            "egress": [
              {
                "cidr_blocks": [
                  "0.0.0.0/0"
                ],
                "description": "",
                "from_port": 0,
                "ipv6_cidr_blocks": [],
                "prefix_list_ids": [],
                "protocol": "-1",
                "security_groups": [],
                "self": false,
                "to_port": 0
              }
            ],
            "id": "sg-0e9b1aa349b5d6a3d",
            "ingress": [
              {
                "cidr_blocks": [
                  "0.0.0.0/0"
                ],
                "description": "",
                "from_port": 22,
                "ipv6_cidr_blocks": [],
                "prefix_list_ids": [],
                "protocol": "tcp",
                "security_groups": [],
                "self": false,
                "to_port": 22
              }
            ],
            "name": "launch-wizard-1",
            "name_prefix": "",
            "owner_id": "907304892762",
            "revoke_rules_on_delete": null,
            "tags": {},
            "tags_all": {},
            "timeouts": {
              "create": null,
              "delete": null
            },
            "vpc_id": "vpc-6b5b2911"
          },
          "sensitive_attributes": []
        }
      ]
    },
    {
      "mode": "managed",
      "type": "aws_security_group",
      "name": "tfer--launch-wizard-2_sg-04ef8867c4d1cd543",
      "provider": "provider[\"registry.terraform.io/hashicorp/aws\"]",
      "instances": [
        {
          "schema_version": 1,
          "attributes": {
            "arn": "arn:aws:ec2:us-east-1:907304892762:security-group/sg-04ef8867c4d1cd543",
            "description": "launch-wizard-2 created 2020-08-05T14:03:41.767-04:00",
            "egress": [
              {
                "cidr_blocks": [
                  "0.0.0.0/0"
                ],
                "description": "",
                "from_port": 0,
                "ipv6_cidr_blocks": [],
                "prefix_list_ids": [],
                "protocol": "-1",
                "security_groups": [],
                "self": false,
                "to_port": 0
              }
            ],
            "id": "sg-04ef8867c4d1cd543",
            "ingress": [
              {
                "cidr_blocks": [
                  "0.0.0.0/0"
                ],
                "description": "",
                "from_port": 22,
                "ipv6_cidr_blocks": [],
                "prefix_list_ids": [],
                "protocol": "tcp",
                "security_groups": [],
                "self": false,
                "to_port": 22
              }
            ],
            "name": "launch-wizard-2",
            "name_prefix": "",
            "owner_id": "907304892762",
            "revoke_rules_on_delete": null,
            "tags": {},
            "tags_all": {},
            "timeouts": {
              "create": null,
              "delete": null
            },
            "vpc_id": "vpc-6b5b2911"
          },
          "sensitive_attributes": []
        }
      ]
    },
    {
      "mode": "managed",
      "type": "aws_security_group",
      "name": "tfer--launch-wizard-3_sg-0cb586de1ca5e0465",
      "provider": "provider[\"registry.terraform.io/hashicorp/aws\"]",
      "instances": [
        {
          "schema_version": 1,
          "attributes": {
            "arn": "arn:aws:ec2:us-east-1:907304892762:security-group/sg-0cb586de1ca5e0465",
            "description": "DeLETED UPDATE LOOK AT ME",
            "egress": [
              {
                "cidr_blocks": [
                  "0.0.0.0/0"
                ],
                "description": "",
                "from_port": 0,
                "ipv6_cidr_blocks": [],
                "prefix_list_ids": [],
                "protocol": "-1",
                "security_groups": [],
                "self": false,
                "to_port": 0
              }
            ],
            "id": "sg-0cb586de1ca5e0465",
            "ingress": [
              {
                "cidr_blocks": [
                  "0.0.0.0/0"
                ],
                "description": "",
                "from_port": 22,
                "ipv6_cidr_blocks": [],
                "prefix_list_ids": [],
                "protocol": "tcp",
                "security_groups": [],
                "self": false,
                "to_port": 22
              }
            ],
            "name": "launch-wizard-3",
            "name_prefix": "",
            "owner_id": "907304892762",
            "revoke_rules_on_delete": null,
            "tags": {},
            "tags_all": {},
            "timeouts": {
              "create": null,
              "delete": null
            },
            "vpc_id": "vpc-6b5b2911"
          },
          "sensitive_attributes": []
        }
      ]
    },
    {
      "mode": "managed",
      "type": "aws_security_group",
      "name": "tfer--launch-wizard-4_sg-0ee5fd7a6435497da",
      "provider": "provider[\"registry.terraform.io/hashicorp/aws\"]",
      "instances": [
        {
          "schema_version": 1,
          "attributes": {
            "arn": "arn:aws:ec2:us-east-1:907304892762:security-group/sg-0ee5fd7a6435497da",
            "description": "launch-wizard-4 created 2020-08-05T14:57:28.294-04:00",
            "egress": [
              {
                "cidr_blocks": [
                  "0.0.0.0/0"
                ],
                "description": "",
                "from_port": 0,
                "ipv6_cidr_blocks": [],
                "prefix_list_ids": [],
                "protocol": "-1",
                "security_groups": [],
                "self": false,
                "to_port": 0
              }
            ],
            "id": "sg-0ee5fd7a6435497da",
            "ingress": [
              {
                "cidr_blocks": [
                  "0.0.0.0/0"
                ],
                "description": "",
                "from_port": 22,
                "ipv6_cidr_blocks": [],
                "prefix_list_ids": [],
                "protocol": "tcp",
                "security_groups": [],
                "self": false,
                "to_port": 22
              },
              {
                "cidr_blocks": [
                  "0.0.0.0/0"
                ],
                "description": "",
                "from_port": 80,
                "ipv6_cidr_blocks": [],
                "prefix_list_ids": [],
                "protocol": "tcp",
                "security_groups": [],
                "self": false,
                "to_port": 80
              }
            ],
            "name": "launch-wizard-4",
            "name_prefix": "",
            "owner_id": "907304892762",
            "revoke_rules_on_delete": null,
            "tags": {},
            "tags_all": {},
            "timeouts": {
              "create": null,
              "delete": null
            },
            "vpc_id": "vpc-6b5b2911"
          },
          "sensitive_attributes": []
        }
      ]
    },
    {
      "mode": "managed",
      "type": "aws_security_group",
      "name": "tfer--launch-wizard-5_sg-0753091bc56a83b27",
      "provider": "provider[\"registry.terraform.io/hashicorp/aws\"]",
      "instances": [
        {
          "schema_version": 1,
          "attributes": {
            "arn": "arn:aws:ec2:us-east-1:907304892762:security-group/sg-0753091bc56a83b27",
            "description": "launch-wizard-5 created 2020-08-06T07:24:46.137-04:00 LOOK AT ME",
            "egress": [
              {
                "cidr_blocks": [
                  "0.0.0.0/0"
                ],
                "description": "",
                "from_port": 0,
                "ipv6_cidr_blocks": [],
                "prefix_list_ids": [],
                "protocol": "-1",
                "security_groups": [],
                "self": false,
                "to_port": 0
              }
            ],
            "id": "sg-0753091bc56a83b27",
            "ingress": [
              {
                "cidr_blocks": [
                  "73.13.93.80/32"
                ],
                "description": "",
                "from_port": 22,
                "ipv6_cidr_blocks": [],
                "prefix_list_ids": [],
                "protocol": "tcp",
                "security_groups": [],
                "self": false,
                "to_port": 22
              }
            ],
            "name": "launch-wizard-5",
            "name_prefix": "",
            "owner_id": "907304892762",
            "revoke_rules_on_delete": null,
            "tags": {},
            "tags_all": {},
            "timeouts": {
              "create": null,
              "delete": null
            },
            "vpc_id": "vpc-6b5b2911"
          },
          "sensitive_attributes": []
        }
      ]
    },
    {
      "mode": "managed",
      "type": "aws_security_group",
      "name": "tfer--launch-wizard-6_sg-0d423a37d120ee6f2",
      "provider": "provider[\"registry.terraform.io/hashicorp/aws\"]",
      "instances": [
        {
          "schema_version": 1,
          "attributes": {
            "arn": "arn:aws:ec2:us-east-1:907304892762:security-group/sg-0d423a37d120ee6f2",
            "description": "launch-wizard-6 created 2020-07-27T13:42:42.913-04:00",
            "egress": [
              {
                "cidr_blocks": [
                  "0.0.0.0/0"
                ],
                "description": "",
                "from_port": 0,
                "ipv6_cidr_blocks": [],
                "prefix_list_ids": [],
                "protocol": "-1",
                "security_groups": [],
                "self": false,
                "to_port": 0
              }
            ],
            "id": "sg-0d423a37d120ee6f2",
            "ingress": [
              {
                "cidr_blocks": [
                  "0.0.0.0/0"
                ],
                "description": "",
                "from_port": 3389,
                "ipv6_cidr_blocks": [],
                "prefix_list_ids": [],
                "protocol": "tcp",
                "security_groups": [],
                "self": false,
                "to_port": 3389
              }
            ],
            "name": "launch-wizard-6",
            "name_prefix": "",
            "owner_id": "907304892762",
            "revoke_rules_on_delete": null,
            "tags": {},
            "tags_all": {},
            "timeouts": {
              "create": null,
              "delete": null
            },
            "vpc_id": "vpc-6b5b2911"
          },
          "sensitive_attributes": []
        }
      ]
    },
    {
      "mode": "managed",
      "type": "aws_security_group",
      "name": "tfer--launch-wizard-7_sg-0b1a7ffe6da0367ed",
      "provider": "provider[\"registry.terraform.io/hashicorp/aws\"]",
      "instances": [
        {
          "schema_version": 1,
          "attributes": {
            "arn": "arn:aws:ec2:us-east-1:907304892762:security-group/sg-0b1a7ffe6da0367ed",
            "description": "launch-wizard-7 created 2020-08-06T07:59:30.368-04:00",
            "egress": [
              {
                "cidr_blocks": [
                  "0.0.0.0/0"
                ],
                "description": "",
                "from_port": 0,
                "ipv6_cidr_blocks": [],
                "prefix_list_ids": [],
                "protocol": "-1",
                "security_groups": [],
                "self": false,
                "to_port": 0
              }
            ],
            "id": "sg-0b1a7ffe6da0367ed",
            "ingress": [
              {
                "cidr_blocks": [
                  "0.0.0.0/0"
                ],
                "description": "",
                "from_port": 3389,
                "ipv6_cidr_blocks": [],
                "prefix_list_ids": [],
                "protocol": "tcp",
                "security_groups": [],
                "self": false,
                "to_port": 3389
              }
            ],
            "name": "launch-wizard-7",
            "name_prefix": "",
            "owner_id": "907304892762",
            "revoke_rules_on_delete": null,
            "tags": {},
            "tags_all": {},
            "timeouts": {
              "create": null,
              "delete": null
            },
            "vpc_id": "vpc-6b5b2911"
          },
          "sensitive_attributes": []
        }
      ]
    },
    {
      "mode": "managed",
      "type": "aws_security_group",
      "name": "tfer--launch-wizard-8_sg-08a8899babe35cfd7",
      "provider": "provider[\"registry.terraform.io/hashicorp/aws\"]",
      "instances": [
        {
          "schema_version": 1,
          "attributes": {
            "arn": "arn:aws:ec2:us-east-1:907304892762:security-group/sg-08a8899babe35cfd7",
            "description": "launch-wizard-8 created 2020-08-07T08:02:04.928-04:00",
            "egress": [
              {
                "cidr_blocks": [
                  "0.0.0.0/0"
                ],
                "description": "",
                "from_port": 0,
                "ipv6_cidr_blocks": [],
                "prefix_list_ids": [],
                "protocol": "-1",
                "security_groups": [],
                "self": false,
                "to_port": 0
              }
            ],
            "id": "sg-08a8899babe35cfd7",
            "ingress": [
              {
                "cidr_blocks": [
                  "0.0.0.0/0"
                ],
                "description": "",
                "from_port": 22,
                "ipv6_cidr_blocks": [],
                "prefix_list_ids": [],
                "protocol": "tcp",
                "security_groups": [],
                "self": false,
                "to_port": 22
              },
              {
                "cidr_blocks": [
                  "0.0.0.0/0"
                ],
                "description": "",
                "from_port": 8080,
                "ipv6_cidr_blocks": [],
                "prefix_list_ids": [],
                "protocol": "tcp",
                "security_groups": [],
                "self": false,
                "to_port": 8080
              },
              {
                "cidr_blocks": [
                  "0.0.0.0/0"
                ],
                "description": "",
                "from_port": 80,
                "ipv6_cidr_blocks": [
                  "::/0"
                ],
                "prefix_list_ids": [],
                "protocol": "tcp",
                "security_groups": [],
                "self": false,
                "to_port": 80
              }
            ],
            "name": "launch-wizard-8",
            "name_prefix": "",
            "owner_id": "907304892762",
            "revoke_rules_on_delete": null,
            "tags": {},
            "tags_all": {},
            "timeouts": {
              "create": null,
              "delete": null
            },
            "vpc_id": "vpc-6b5b2911"
          },
          "sensitive_attributes": []
        }
      ]
    },
    {
      "mode": "managed",
      "type": "aws_security_group",
      "name": "tfer--launch-wizard-9_sg-0b8b6795042d97ca5",
      "provider": "provider[\"registry.terraform.io/hashicorp/aws\"]",
      "instances": [
        {
          "schema_version": 1,
          "attributes": {
            "arn": "arn:aws:ec2:us-east-1:907304892762:security-group/sg-0b8b6795042d97ca5",
            "description": "launch-wizard-9 created 2021-11-01T18:29:35.393-04:00",
            "egress": [
              {
                "cidr_blocks": [
                  "0.0.0.0/0"
                ],
                "description": "",
                "from_port": 0,
                "ipv6_cidr_blocks": [],
                "prefix_list_ids": [],
                "protocol": "-1",
                "security_groups": [],
                "self": false,
                "to_port": 0
              }
            ],
            "id": "sg-0b8b6795042d97ca5",
            "ingress": [
              {
                "cidr_blocks": [
                  "0.0.0.0/0"
                ],
                "description": "",
                "from_port": 22,
                "ipv6_cidr_blocks": [],
                "prefix_list_ids": [],
                "protocol": "tcp",
                "security_groups": [],
                "self": false,
                "to_port": 22
              }
            ],
            "name": "launch-wizard-9",
            "name_prefix": "",
            "owner_id": "907304892762",
            "revoke_rules_on_delete": null,
            "tags": {},
            "tags_all": {},
            "timeouts": {
              "create": null,
              "delete": null
            },
            "vpc_id": "vpc-6b5b2911"
          },
          "sensitive_attributes": []
        }
      ]
    },
    {
      "mode": "managed",
      "type": "aws_security_group",
      "name": "tfer--my-first-security-group_sg-0a5683e92bd8f8586",
      "provider": "provider[\"registry.terraform.io/hashicorp/aws\"]",
      "instances": [
        {
          "schema_version": 1,
          "attributes": {
            "arn": "arn:aws:ec2:us-east-1:907304892762:security-group/sg-0a5683e92bd8f8586",
            "description": "Created with my first EC2 Instance",
            "egress": [
              {
                "cidr_blocks": [
                  "0.0.0.0/0"
                ],
                "description": "",
                "from_port": 0,
                "ipv6_cidr_blocks": [],
                "prefix_list_ids": [],
                "protocol": "-1",
                "security_groups": [],
                "self": false,
                "to_port": 0
              }
            ],
            "id": "sg-0a5683e92bd8f8586",
            "ingress": [
              {
                "cidr_blocks": [
                  "0.0.0.0/0"
                ],
                "description": "SSH to the instance",
                "from_port": 22,
                "ipv6_cidr_blocks": [],
                "prefix_list_ids": [],
                "protocol": "tcp",
                "security_groups": [],
                "self": false,
                "to_port": 22
              }
            ],
            "name": "my-first-security-group",
            "name_prefix": "",
            "owner_id": "907304892762",
            "revoke_rules_on_delete": null,
            "tags": {},
            "tags_all": {},
            "timeouts": {
              "create": null,
              "delete": null
            },
            "vpc_id": "vpc-6b5b2911"
          },
          "sensitive_attributes": []
        }
      ]
    },
    {
      "mode": "managed",
      "type": "aws_security_group",
      "name": "tfer--my-new-sg_sg-096826fe16c15dec1",
      "provider": "provider[\"registry.terraform.io/hashicorp/aws\"]",
      "instances": [
        {
          "schema_version": 1,
          "attributes": {
            "arn": "arn:aws:ec2:us-east-1:907304892762:security-group/sg-096826fe16c15dec1",
            "description": "Test New Group UPDATED LOOK FOR ME",
            "egress": [
              {
                "cidr_blocks": [
                  "0.0.0.0/0"
                ],
                "description": "",
                "from_port": 0,
                "ipv6_cidr_blocks": [],
                "prefix_list_ids": [],
                "protocol": "-1",
                "security_groups": [],
                "self": false,
                "to_port": 0
              }
            ],
            "id": "sg-096826fe16c15dec1",
            "ingress": [],
            "name": "my-new-sg",
            "name_prefix": "",
            "owner_id": "907304892762",
            "revoke_rules_on_delete": null,
            "tags": {},
            "tags_all": {},
            "timeouts": {
              "create": null,
              "delete": null
            },
            "vpc_id": "vpc-6b5b2911"
          },
          "sensitive_attributes": []
        }
      ]
    },
    {
      "mode": "managed",
      "type": "aws_security_group",
      "name": "tfer--sysadmin-sg_sg-0336c677904a51614",
      "provider": "provider[\"registry.terraform.io/hashicorp/aws\"]",
      "instances": [
        {
          "schema_version": 1,
          "attributes": {
            "arn": "arn:aws:ec2:us-east-1:907304892762:security-group/sg-0336c677904a51614",
            "description": "Sysadmin Security Group",
            "egress": [],
            "id": "sg-0336c677904a51614",
            "ingress": [],
            "name": "sysadmin-sg",
            "name_prefix": "",
            "owner_id": "907304892762",
            "revoke_rules_on_delete": null,
            "tags": {},
            "tags_all": {},
            "timeouts": {
              "create": null,
              "delete": null
            },
            "vpc_id": "vpc-6b5b2911"
          },
          "sensitive_attributes": []
        }
      ]
    }
  ]
}
